// !$*UTF8*$!
{
	archiveVersion = 1;
	classes = {
	};
	objectVersion = 46;
	objects = {

/* Begin PBXBuildFile section */
		987BB98A1ED75AD4002D5D03 /* AppDelegate.swift in Sources */ = {isa = PBXBuildFile; fileRef = 987BB9891ED75AD4002D5D03 /* AppDelegate.swift */; };
		987BB98C1ED75AD4002D5D03 /* AsteroidsViewController.swift in Sources */ = {isa = PBXBuildFile; fileRef = 987BB98B1ED75AD4002D5D03 /* AsteroidsViewController.swift */; };
		987BB98F1ED75AD4002D5D03 /* Main.storyboard in Resources */ = {isa = PBXBuildFile; fileRef = 987BB98D1ED75AD4002D5D03 /* Main.storyboard */; };
		987BB9921ED75AD4002D5D03 /* SpaceshipGame.xcdatamodeld in Sources */ = {isa = PBXBuildFile; fileRef = 987BB9901ED75AD4002D5D03 /* SpaceshipGame.xcdatamodeld */; };
		987BB9941ED75AD4002D5D03 /* Assets.xcassets in Resources */ = {isa = PBXBuildFile; fileRef = 987BB9931ED75AD4002D5D03 /* Assets.xcassets */; };
		987BB9971ED75AD4002D5D03 /* LaunchScreen.storyboard in Resources */ = {isa = PBXBuildFile; fileRef = 987BB9951ED75AD4002D5D03 /* LaunchScreen.storyboard */; };
		987BB9A31ED75E8F002D5D03 /* AsteroidFieldView.swift in Sources */ = {isa = PBXBuildFile; fileRef = 987BB99F1ED75E8F002D5D03 /* AsteroidFieldView.swift */; };
		987BB9A41ED75E8F002D5D03 /* AsteroidView.swift in Sources */ = {isa = PBXBuildFile; fileRef = 987BB9A01ED75E8F002D5D03 /* AsteroidView.swift */; };
		987BB9A51ED75E8F002D5D03 /* CoreGraphicsExtensions.swift in Sources */ = {isa = PBXBuildFile; fileRef = 987BB9A11ED75E8F002D5D03 /* CoreGraphicsExtensions.swift */; };
		987BB9A61ED75E8F002D5D03 /* SpaceshipView.swift in Sources */ = {isa = PBXBuildFile; fileRef = 987BB9A21ED75E8F002D5D03 /* SpaceshipView.swift */; };
/* End PBXBuildFile section */

/* Begin PBXFileReference section */
		987BB9861ED75AD4002D5D03 /* SpaceshipGame.app */ = {isa = PBXFileReference; explicitFileType = wrapper.application; includeInIndex = 0; path = SpaceshipGame.app; sourceTree = BUILT_PRODUCTS_DIR; };
		987BB9891ED75AD4002D5D03 /* AppDelegate.swift */ = {isa = PBXFileReference; lastKnownFileType = sourcecode.swift; path = AppDelegate.swift; sourceTree = "<group>"; };
		987BB98B1ED75AD4002D5D03 /* AsteroidsViewController.swift */ = {isa = PBXFileReference; lastKnownFileType = sourcecode.swift; path = AsteroidsViewController.swift; sourceTree = "<group>"; };
		987BB98E1ED75AD4002D5D03 /* Base */ = {isa = PBXFileReference; lastKnownFileType = file.storyboard; name = Base; path = Base.lproj/Main.storyboard; sourceTree = "<group>"; };
		987BB9911ED75AD4002D5D03 /* SpaceshipGame.xcdatamodel */ = {isa = PBXFileReference; lastKnownFileType = wrapper.xcdatamodel; path = SpaceshipGame.xcdatamodel; sourceTree = "<group>"; };
		987BB9931ED75AD4002D5D03 /* Assets.xcassets */ = {isa = PBXFileReference; lastKnownFileType = folder.assetcatalog; path = Assets.xcassets; sourceTree = "<group>"; };
		987BB9961ED75AD4002D5D03 /* Base */ = {isa = PBXFileReference; lastKnownFileType = file.storyboard; name = Base; path = Base.lproj/LaunchScreen.storyboard; sourceTree = "<group>"; };
		987BB9981ED75AD4002D5D03 /* Info.plist */ = {isa = PBXFileReference; lastKnownFileType = text.plist.xml; path = Info.plist; sourceTree = "<group>"; };
		987BB99F1ED75E8F002D5D03 /* AsteroidFieldView.swift */ = {isa = PBXFileReference; fileEncoding = 4; lastKnownFileType = sourcecode.swift; path = AsteroidFieldView.swift; sourceTree = "<group>"; };
		987BB9A01ED75E8F002D5D03 /* AsteroidView.swift */ = {isa = PBXFileReference; fileEncoding = 4; lastKnownFileType = sourcecode.swift; path = AsteroidView.swift; sourceTree = "<group>"; };
		987BB9A11ED75E8F002D5D03 /* CoreGraphicsExtensions.swift */ = {isa = PBXFileReference; fileEncoding = 4; lastKnownFileType = sourcecode.swift; path = CoreGraphicsExtensions.swift; sourceTree = "<group>"; };
		987BB9A21ED75E8F002D5D03 /* SpaceshipView.swift */ = {isa = PBXFileReference; fileEncoding = 4; lastKnownFileType = sourcecode.swift; path = SpaceshipView.swift; sourceTree = "<group>"; };
/* End PBXFileReference section */

/* Begin PBXFrameworksBuildPhase section */
		987BB9831ED75AD4002D5D03 /* Frameworks */ = {
			isa = PBXFrameworksBuildPhase;
			buildActionMask = 2147483647;
			files = (
			);
			runOnlyForDeploymentPostprocessing = 0;
		};
/* End PBXFrameworksBuildPhase section */

/* Begin PBXGroup section */
		987BB97D1ED75AD4002D5D03 = {
			isa = PBXGroup;
			children = (
				987BB9881ED75AD4002D5D03 /* SpaceshipGame */,
				987BB9871ED75AD4002D5D03 /* Products */,
			);
			sourceTree = "<group>";
		};
		987BB9871ED75AD4002D5D03 /* Products */ = {
			isa = PBXGroup;
			children = (
				987BB9861ED75AD4002D5D03 /* SpaceshipGame.app */,
			);
			name = Products;
			sourceTree = "<group>";
		};
		987BB9881ED75AD4002D5D03 /* SpaceshipGame */ = {
			isa = PBXGroup;
			children = (
				987BB99E1ED75DDA002D5D03 /* Supporting files */,
				987BB98B1ED75AD4002D5D03 /* AsteroidsViewController.swift */,
				987BB98D1ED75AD4002D5D03 /* Main.storyboard */,
				987BB99F1ED75E8F002D5D03 /* AsteroidFieldView.swift */,
				987BB9A01ED75E8F002D5D03 /* AsteroidView.swift */,
				987BB9A11ED75E8F002D5D03 /* CoreGraphicsExtensions.swift */,
				987BB9A21ED75E8F002D5D03 /* SpaceshipView.swift */,
			);
			path = SpaceshipGame;
			sourceTree = "<group>";
		};
		987BB99E1ED75DDA002D5D03 /* Supporting files */ = {
			isa = PBXGroup;
			children = (
				987BB9891ED75AD4002D5D03 /* AppDelegate.swift */,
				987BB9931ED75AD4002D5D03 /* Assets.xcassets */,
				987BB9951ED75AD4002D5D03 /* LaunchScreen.storyboard */,
				987BB9981ED75AD4002D5D03 /* Info.plist */,
				987BB9901ED75AD4002D5D03 /* SpaceshipGame.xcdatamodeld */,
			);
			name = "Supporting files";
			sourceTree = "<group>";
		};
/* End PBXGroup section */

/* Begin PBXNativeTarget section */
		987BB9851ED75AD4002D5D03 /* SpaceshipGame */ = {
			isa = PBXNativeTarget;
			buildConfigurationList = 987BB99B1ED75AD4002D5D03 /* Build configuration list for PBXNativeTarget "SpaceshipGame" */;
			buildPhases = (
				987BB9821ED75AD4002D5D03 /* Sources */,
				987BB9831ED75AD4002D5D03 /* Frameworks */,
				987BB9841ED75AD4002D5D03 /* Resources */,
			);
			buildRules = (
			);
			dependencies = (
			);
			name = SpaceshipGame;
			productName = SpaceshipGame;
			productReference = 987BB9861ED75AD4002D5D03 /* SpaceshipGame.app */;
			productType = "com.apple.product-type.application";
		};
/* End PBXNativeTarget section */

/* Begin PBXProject section */
		987BB97E1ED75AD4002D5D03 /* Project object */ = {
			isa = PBXProject;
			attributes = {
				LastSwiftUpdateCheck = 0830;
				LastUpgradeCheck = 0830;
				ORGANIZATIONNAME = developer;
				TargetAttributes = {
					987BB9851ED75AD4002D5D03 = {
						CreatedOnToolsVersion = 8.3.2;
						ProvisioningStyle = Automatic;
					};
				};
			};
			buildConfigurationList = 987BB9811ED75AD4002D5D03 /* Build configuration list for PBXProject "SpaceshipGame" */;
			compatibilityVersion = "Xcode 3.2";
			developmentRegion = English;
			hasScannedForEncodings = 0;
			knownRegions = (
				en,
				Base,
			);
			mainGroup = 987BB97D1ED75AD4002D5D03;
			productRefGroup = 987BB9871ED75AD4002D5D03 /* Products */;
			projectDirPath = "";
			projectRoot = "";
			targets = (
				987BB9851ED75AD4002D5D03 /* SpaceshipGame */,
			);
		};
/* End PBXProject section */

/* Begin PBXResourcesBuildPhase section */
		987BB9841ED75AD4002D5D03 /* Resources */ = {
			isa = PBXResourcesBuildPhase;
			buildActionMask = 2147483647;
			files = (
				987BB9971ED75AD4002D5D03 /* LaunchScreen.storyboard in Resources */,
				987BB9941ED75AD4002D5D03 /* Assets.xcassets in Resources */,
				987BB98F1ED75AD4002D5D03 /* Main.storyboard in Resources */,
			);
			runOnlyForDeploymentPostprocessing = 0;
		};
/* End PBXResourcesBuildPhase section */

/* Begin PBXSourcesBuildPhase section */
		987BB9821ED75AD4002D5D03 /* Sources */ = {
			isa = PBXSourcesBuildPhase;
			buildActionMask = 2147483647;
			files = (
				987BB9A31ED75E8F002D5D03 /* AsteroidFieldView.swift in Sources */,
				987BB9A61ED75E8F002D5D03 /* SpaceshipView.swift in Sources */,
				987BB9921ED75AD4002D5D03 /* SpaceshipGame.xcdatamodeld in Sources */,
				987BB98C1ED75AD4002D5D03 /* AsteroidsViewController.swift in Sources */,
				987BB9A41ED75E8F002D5D03 /* AsteroidView.swift in Sources */,
				987BB98A1ED75AD4002D5D03 /* AppDelegate.swift in Sources */,
				987BB9A51ED75E8F002D5D03 /* CoreGraphicsExtensions.swift in Sources */,
			);
			runOnlyForDeploymentPostprocessing = 0;
		};
/* End PBXSourcesBuildPhase section */

/* Begin PBXVariantGroup section */
		987BB98D1ED75AD4002D5D03 /* Main.storyboard */ = {
			isa = PBXVariantGroup;
			children = (
				987BB98E1ED75AD4002D5D03 /* Base */,
			);
			name = Main.storyboard;
			sourceTree = "<group>";
		};
		987BB9951ED75AD4002D5D03 /* LaunchScreen.storyboard */ = {
			isa = PBXVariantGroup;
			children = (
				987BB9961ED75AD4002D5D03 /* Base */,
			);
			name = LaunchScreen.storyboard;
			sourceTree = "<group>";
		};
/* End PBXVariantGroup section */

/* Begin XCBuildConfiguration section */
		987BB9991ED75AD4002D5D03 /* Debug */ = {
			isa = XCBuildConfiguration;
			buildSettings = {
				ALWAYS_SEARCH_USER_PATHS = NO;
				CLANG_ANALYZER_NONNULL = YES;
				CLANG_ANALYZER_NUMBER_OBJECT_CONVERSION = YES_AGGRESSIVE;
				CLANG_CXX_LANGUAGE_STANDARD = "gnu++0x";
				CLANG_CXX_LIBRARY = "libc++";
				CLANG_ENABLE_MODULES = YES;
				CLANG_ENABLE_OBJC_ARC = YES;
				CLANG_WARN_BOOL_CONVERSION = YES;
				CLANG_WARN_CONSTANT_CONVERSION = YES;
				CLANG_WARN_DIRECT_OBJC_ISA_USAGE = YES_ERROR;
				CLANG_WARN_DOCUMENTATION_COMMENTS = YES;
				CLANG_WARN_EMPTY_BODY = YES;
				CLANG_WARN_ENUM_CONVERSION = YES;
				CLANG_WARN_INFINITE_RECURSION = YES;
				CLANG_WARN_INT_CONVERSION = YES;
				CLANG_WARN_OBJC_ROOT_CLASS = YES_ERROR;
				CLANG_WARN_SUSPICIOUS_MOVE = YES;
				CLANG_WARN_UNREACHABLE_CODE = YES;
				CLANG_WARN__DUPLICATE_METHOD_MATCH = YES;
				"CODE_SIGN_IDENTITY[sdk=iphoneos*]" = "iPhone Developer";
				COPY_PHASE_STRIP = NO;
				DEBUG_INFORMATION_FORMAT = dwarf;
				ENABLE_STRICT_OBJC_MSGSEND = YES;
				ENABLE_TESTABILITY = YES;
				GCC_C_LANGUAGE_STANDARD = gnu99;
				GCC_DYNAMIC_NO_PIC = NO;
				GCC_NO_COMMON_BLOCKS = YES;
				GCC_OPTIMIZATION_LEVEL = 0;
				GCC_PREPROCESSOR_DEFINITIONS = (
					"DEBUG=1",
					"$(inherited)",
				);
				GCC_WARN_64_TO_32_BIT_CONVERSION = YES;
				GCC_WARN_ABOUT_RETURN_TYPE = YES_ERROR;
				GCC_WARN_UNDECLARED_SELECTOR = YES;
				GCC_WARN_UNINITIALIZED_AUTOS = YES_AGGRESSIVE;
				GCC_WARN_UNUSED_FUNCTION = YES;
				GCC_WARN_UNUSED_VARIABLE = YES;
				IPHONEOS_DEPLOYMENT_TARGET = 10.3;
				MTL_ENABLE_DEBUG_INFO = YES;
				ONLY_ACTIVE_ARCH = YES;
				SDKROOT = iphoneos;
				SWIFT_ACTIVE_COMPILATION_CONDITIONS = DEBUG;
				SWIFT_OPTIMIZATION_LEVEL = "-Onone";
				TARGETED_DEVICE_FAMILY = "1,2";
			};
			name = Debug;
		};
		987BB99A1ED75AD4002D5D03 /* Release */ = {
			isa = XCBuildConfiguration;
			buildSettings = {
				ALWAYS_SEARCH_USER_PATHS = NO;
				CLANG_ANALYZER_NONNULL = YES;
				CLANG_ANALYZER_NUMBER_OBJECT_CONVERSION = YES_AGGRESSIVE;
				CLANG_CXX_LANGUAGE_STANDARD = "gnu++0x";
				CLANG_CXX_LIBRARY = "libc++";
				CLANG_ENABLE_MODULES = YES;
				CLANG_ENABLE_OBJC_ARC = YES;
				CLANG_WARN_BOOL_CONVERSION = YES;
				CLANG_WARN_CONSTANT_CONVERSION = YES;
				CLANG_WARN_DIRECT_OBJC_ISA_USAGE = YES_ERROR;
				CLANG_WARN_DOCUMENTATION_COMMENTS = YES;
				CLANG_WARN_EMPTY_BODY = YES;
				CLANG_WARN_ENUM_CONVERSION = YES;
				CLANG_WARN_INFINITE_RECURSION = YES;
				CLANG_WARN_INT_CONVERSION = YES;
				CLANG_WARN_OBJC_ROOT_CLASS = YES_ERROR;
				CLANG_WARN_SUSPICIOUS_MOVE = YES;
				CLANG_WARN_UNREACHABLE_CODE = YES;
				CLANG_WARN__DUPLICATE_METHOD_MATCH = YES;
				"CODE_SIGN_IDENTITY[sdk=iphoneos*]" = "iPhone Developer";
				COPY_PHASE_STRIP = NO;
				DEBUG_INFORMATION_FORMAT = "dwarf-with-dsym";
				ENABLE_NS_ASSERTIONS = NO;
				ENABLE_STRICT_OBJC_MSGSEND = YES;
				GCC_C_LANGUAGE_STANDARD = gnu99;
				GCC_NO_COMMON_BLOCKS = YES;
				GCC_WARN_64_TO_32_BIT_CONVERSION = YES;
				GCC_WARN_ABOUT_RETURN_TYPE = YES_ERROR;
				GCC_WARN_UNDECLARED_SELECTOR = YES;
				GCC_WARN_UNINITIALIZED_AUTOS = YES_AGGRESSIVE;
				GCC_WARN_UNUSED_FUNCTION = YES;
				GCC_WARN_UNUSED_VARIABLE = YES;
				IPHONEOS_DEPLOYMENT_TARGET = 10.3;
				MTL_ENABLE_DEBUG_INFO = NO;
				SDKROOT = iphoneos;
				SWIFT_OPTIMIZATION_LEVEL = "-Owholemodule";
				TARGETED_DEVICE_FAMILY = "1,2";
				VALIDATE_PRODUCT = YES;
			};
			name = Release;
		};
		987BB99C1ED75AD4002D5D03 /* Debug */ = {
			isa = XCBuildConfiguration;
			buildSettings = {
				ASSETCATALOG_COMPILER_APPICON_NAME = AppIcon;
				INFOPLIST_FILE = SpaceshipGame/Info.plist;
				LD_RUNPATH_SEARCH_PATHS = "$(inherited) @executable_path/Frameworks";
				PRODUCT_BUNDLE_IDENTIFIER = com.iOSConceptsVideos.SpaceshipGame;
				PRODUCT_NAME = "$(TARGET_NAME)";
				SWIFT_VERSION = 3.0;
			};
			name = Debug;
		};
		987BB99D1ED75AD4002D5D03 /* Release */ = {
			isa = XCBuildConfiguration;
			buildSettings = {
				ASSETCATALOG_COMPILER_APPICON_NAME = AppIcon;
				INFOPLIST_FILE = SpaceshipGame/Info.plist;
				LD_RUNPATH_SEARCH_PATHS = "$(inherited) @executable_path/Frameworks";
				PRODUCT_BUNDLE_IDENTIFIER = com.iOSConceptsVideos.SpaceshipGame;
				PRODUCT_NAME = "$(TARGET_NAME)";
				SWIFT_VERSION = 3.0;
			};
			name = Release;
		};
/* End XCBuildConfiguration section */

/* Begin XCConfigurationList section */
		987BB9811ED75AD4002D5D03 /* Build configuration list for PBXProject "SpaceshipGame" */ = {
			isa = XCConfigurationList;
			buildConfigurations = (
				987BB9991ED75AD4002D5D03 /* Debug */,
				987BB99A1ED75AD4002D5D03 /* Release */,
			);
			defaultConfigurationIsVisible = 0;
			defaultConfigurationName = Release;
		};
		987BB99B1ED75AD4002D5D03 /* Build configuration list for PBXNativeTarget "SpaceshipGame" */ = {
			isa = XCConfigurationList;
			buildConfigurations = (
				987BB99C1ED75AD4002D5D03 /* Debug */,
				987BB99D1ED75AD4002D5D03 /* Release */,
			);
			defaultConfigurationIsVisible = 0;
		};
/* End XCConfigurationList section */

/* Begin XCVersionGroup section */
		987BB9901ED75AD4002D5D03 /* SpaceshipGame.xcdatamodeld */ = {
			isa = XCVersionGroup;
			children = (
				987BB9911ED75AD4002D5D03 /* SpaceshipGame.xcdatamodel */,
			);
			currentVersion = 987BB9911ED75AD4002D5D03 /* SpaceshipGame.xcdatamodel */;
			path = SpaceshipGame.xcdatamodeld;
			sourceTree = "<group>";
			versionGroupType = wrapper.xcdatamodel;
		};
/* End XCVersionGroup section */
	};
	rootObject = 987BB97E1ED75AD4002D5D03 /* Project object */;
}
